
Microsoft Visual Studio Solution File, Format Version 12.00
# Visual Studio Version 17
VisualStudioVersion = 17.5.33424.131
MinimumVisualStudioVersion = 10.0.40219.1
Project("{FAE04EC0-301F-11D3-BF4B-00C04F79EFBC}") = "Simulated annealing", "Simulated annealing\Simulated annealing.csproj", "{B3CD918B-9A2C-4AB7-BD96-D775D736869D}"
EndProject
Global
	GlobalSection(SolutionConfigurationPlatforms) = preSolution
		Debug|Any CPU = Debug|Any CPU
		Release|Any CPU = Release|Any CPU
	EndGlobalSection
	GlobalSection(ProjectConfigurationPlatforms) = postSolution
		{B3CD918B-9A2C-4AB7-BD96-D775D736869D}.Debug|Any CPU.ActiveCfg = Debug|Any CPU
		{B3CD918B-9A2C-4AB7-BD96-D775D736869D}.Debug|Any CPU.Build.0 = Debug|Any CPU
		{B3CD918B-9A2C-4AB7-BD96-D775D736869D}.Release|Any CPU.ActiveCfg = Release|Any CPU
		{B3CD918B-9A2C-4AB7-BD96-D775D736869D}.Release|Any CPU.Build.0 = Release|Any CPU
	EndGlobalSection
	GlobalSection(SolutionProperties) = preSolution
		HideSolutionNode = FALSE
	EndGlobalSection
	GlobalSection(ExtensibilityGlobals) = postSolution
		SolutionGuid = {2E7F2879-FA3A-4668-8E5A-A49ECEF23DA1}
	EndGlobalSection
EndGlobal
